{
  "name": "registrationform",
  "version": "1.0.0",
  "lockfileVersion": 2,
  "requires": true,
  "packages": {
    "": {
      "name": "registrationform",
      "version": "1.0.0",
      "license": "ISC",
      "dependencies": {
        "@chenfengyuan/datepicker": "^1.0.10",
        "imask": "^6.4.2",
        "intl-tel-input": "^17.0.18"
      }
    },
    "node_modules/@chenfengyuan/datepicker": {
      "version": "1.0.10",
      "resolved": "https://registry.npmjs.org/@chenfengyuan/datepicker/-/datepicker-1.0.10.tgz",
      "integrity": "sha512-w016ygdUgBY6hhV7HFKRy2DeSiRPPczekA6FJfIpmqQYh5leKne4WvW/YWOCY1xrQVvamdLyhMhbsn8vN5iQAg==",
      "peerDependencies": {
        "jquery": ">=1.9.1"
      }
    },
    "node_modules/imask": {
      "version": "6.4.2",
      "resolved": "https://registry.npmjs.org/imask/-/imask-6.4.2.tgz",
      "integrity": "sha512-xvEgbTdk6y2dW2UAysq0NRPmO6PuaXM5NHIt4TXEJEwXUHj26M0p/fXqyrSJdNXFaGVOtqYjPRnNdrjQQhDuuA==",
      "engines": {
        "npm": ">=4.0.0"
      }
    },
    "node_modules/intl-tel-input": {
      "version": "17.0.18",
      "resolved": "https://registry.npmjs.org/intl-tel-input/-/intl-tel-input-17.0.18.tgz",
      "integrity": "sha512-U+ugXhOrYO/6ggIWKccsXcfAEWzjnTBLXK8c/71zvatjSPNz3TgVnXH8KhotaPh+4mBxXy4SlNOgsbXiecfPSA=="
    },
    "node_modules/jquery": {
      "version": "3.6.0",
      "resolved": "https://registry.npmjs.org/jquery/-/jquery-3.6.0.tgz",
      "integrity": "sha512-JVzAR/AjBvVt2BmYhxRCSYysDsPcssdmTFnzyLEts9qNwmjmu4JTAMYubEfwVOSwpQ1I1sKKFcxhZCI2buerfw==",
      "peer": true
    }
  },
  "dependencies": {
    "@chenfengyuan/datepicker": {
      "version": "1.0.10",
      "resolved": "https://registry.npmjs.org/@chenfengyuan/datepicker/-/datepicker-1.0.10.tgz",
      "integrity": "sha512-w016ygdUgBY6hhV7HFKRy2DeSiRPPczekA6FJfIpmqQYh5leKne4WvW/YWOCY1xrQVvamdLyhMhbsn8vN5iQAg==",
      "requires": {}
    },
    "imask": {
      "version": "6.4.2",
      "resolved": "https://registry.npmjs.org/imask/-/imask-6.4.2.tgz",
      "integrity": "sha512-xvEgbTdk6y2dW2UAysq0NRPmO6PuaXM5NHIt4TXEJEwXUHj26M0p/fXqyrSJdNXFaGVOtqYjPRnNdrjQQhDuuA=="
    },
    "intl-tel-input": {
      "version": "17.0.18",
      "resolved": "https://registry.npmjs.org/intl-tel-input/-/intl-tel-input-17.0.18.tgz",
      "integrity": "sha512-U+ugXhOrYO/6ggIWKccsXcfAEWzjnTBLXK8c/71zvatjSPNz3TgVnXH8KhotaPh+4mBxXy4SlNOgsbXiecfPSA=="
    },
    "jquery": {
      "version": "3.6.0",
      "resolved": "https://registry.npmjs.org/jquery/-/jquery-3.6.0.tgz",
      "integrity": "sha512-JVzAR/AjBvVt2BmYhxRCSYysDsPcssdmTFnzyLEts9qNwmjmu4JTAMYubEfwVOSwpQ1I1sKKFcxhZCI2buerfw==",
      "peer": true
    }
  }
}
